// !$*UTF8*$!
{
	archiveVersion = 1;
	classes = {};
	objectVersion = 77;
	objects = {

/* Begin PBXBuildFile section */
		100000000000000000000001 /* main.swift in Sources */ = {isa = PBXBuildFile; fileRef = 200000000000000000000001 /* main.swift */; };
		100000000000000000000002 /* AgentAppDelegate.swift in Sources */ = {isa = PBXBuildFile; fileRef = 200000000000000000000002 /* AgentAppDelegate.swift */; };
		100000000000000000000003 /* AgentMonitoringController.swift in Sources */ = {isa = PBXBuildFile; fileRef = 200000000000000000000003 /* AgentMonitoringController.swift */; };
		100000000000000000000004 /* EgressViewFilterDataProvider.swift in Sources */ = {isa = PBXBuildFile; fileRef = 200000000000000000000004 /* EgressViewFilterDataProvider.swift */; };
		100000000000000000000005 /* EgressViewAgentCore in Frameworks */ = {isa = PBXBuildFile; productRef = A00000000000000000000001 /* EgressViewAgentCore */; };
		100000000000000000000006 /* EgressViewNetworkExtension in Frameworks */ = {isa = PBXBuildFile; productRef = A00000000000000000000002 /* EgressViewNetworkExtension */; };
		100000000000000000000007 /* com.egressview.agent.filter.systemextension in Embed System Extensions */ = {isa = PBXBuildFile; fileRef = 20000000000000000000000A /* com.egressview.agent.filter.systemextension */; settings = {ATTRIBUTES = (CodeSignOnCopy, RemoveHeadersOnCopy, ); }; };
		100000000000000000000008 /* main.swift in Extension Sources */ = {isa = PBXBuildFile; fileRef = 20000000000000000000000B /* Extension main.swift */; };
		100000000000000000000009 /* ObservationWindowController.swift in Sources */ = {isa = PBXBuildFile; fileRef = 20000000000000000000000C /* ObservationWindowController.swift */; };
		10000000000000000000000A /* FullMonitoringCollector.swift in Sources */ = {isa = PBXBuildFile; fileRef = 20000000000000000000000D /* FullMonitoringCollector.swift */; };
		10000000000000000000000B /* FullMonitoringXPCServer.swift in Sources */ = {isa = PBXBuildFile; fileRef = 20000000000000000000000E /* FullMonitoringXPCServer.swift */; };
		10000000000000000000000C /* HubDeliveryController.swift in Sources */ = {isa = PBXBuildFile; fileRef = 20000000000000000000000F /* HubDeliveryController.swift */; };
		10000000000000000000000D /* LaunchAtLoginController.swift in Sources */ = {isa = PBXBuildFile; fileRef = 200000000000000000000010 /* LaunchAtLoginController.swift */; };
		10000000000000000000000E /* Assets.xcassets in Resources */ = {isa = PBXBuildFile; fileRef = 200000000000000000000011 /* Assets.xcassets */; };
		10000000000000000000000F /* AgentLocalization.swift in Sources */ = {isa = PBXBuildFile; fileRef = 200000000000000000000012 /* AgentLocalization.swift */; };
		100000000000000000000010 /* Localizable.strings in Resources */ = {isa = PBXBuildFile; fileRef = 210000000000000000000001 /* Localizable.strings */; };
		100000000000000000000011 /* AgentUpdateController.swift in Sources */ = {isa = PBXBuildFile; fileRef = 200000000000000000000015 /* AgentUpdateController.swift */; };
		100000000000000000000012 /* AgentUninstallController.swift in Sources */ = {isa = PBXBuildFile; fileRef = 200000000000000000000016 /* AgentUninstallController.swift */; };
/* End PBXBuildFile section */

/* Begin PBXContainerItemProxy section */
		300000000000000000000001 /* PBXContainerItemProxy */ = {
			isa = PBXContainerItemProxy;
			containerPortal = 400000000000000000000001 /* Project object */;
			proxyType = 1;
			remoteGlobalIDString = 500000000000000000000002;
			remoteInfo = EgressViewFilter;
		};
/* End PBXContainerItemProxy section */

/* Begin PBXCopyFilesBuildPhase section */
		600000000000000000000003 /* Embed System Extensions */ = {
			isa = PBXCopyFilesBuildPhase;
			buildActionMask = 2147483647;
			dstPath = Contents/Library/SystemExtensions;
			dstSubfolderSpec = 1;
			files = (100000000000000000000007 /* com.egressview.agent.filter.systemextension in Embed System Extensions */, );
			name = "Embed System Extensions";
			runOnlyForDeploymentPostprocessing = 0;
		};
/* End PBXCopyFilesBuildPhase section */

/* Begin PBXFileReference section */
		200000000000000000000001 /* main.swift */ = {isa = PBXFileReference; lastKnownFileType = sourcecode.swift; path = main.swift; sourceTree = "<group>"; };
		200000000000000000000002 /* AgentAppDelegate.swift */ = {isa = PBXFileReference; lastKnownFileType = sourcecode.swift; path = AgentAppDelegate.swift; sourceTree = "<group>"; };
		200000000000000000000003 /* AgentMonitoringController.swift */ = {isa = PBXFileReference; lastKnownFileType = sourcecode.swift; path = AgentMonitoringController.swift; sourceTree = "<group>"; };
		200000000000000000000004 /* EgressViewFilterDataProvider.swift */ = {isa = PBXFileReference; lastKnownFileType = sourcecode.swift; path = EgressViewFilterDataProvider.swift; sourceTree = "<group>"; };
		200000000000000000000005 /* Host Info.plist */ = {isa = PBXFileReference; lastKnownFileType = text.plist.xml; name = Info.plist; path = Host/Info.plist; sourceTree = "<group>"; };
		200000000000000000000006 /* EgressViewAgent.entitlements */ = {isa = PBXFileReference; lastKnownFileType = text.plist.entitlements; path = EgressViewAgent.entitlements; sourceTree = "<group>"; };
		200000000000000000000007 /* Extension Info.plist */ = {isa = PBXFileReference; lastKnownFileType = text.plist.xml; name = Info.plist; path = SystemExtension/Info.plist; sourceTree = "<group>"; };
		200000000000000000000008 /* EgressViewFilter.entitlements */ = {isa = PBXFileReference; lastKnownFileType = text.plist.entitlements; path = EgressViewFilter.entitlements; sourceTree = "<group>"; };
		200000000000000000000009 /* EgressView Agent.app */ = {isa = PBXFileReference; explicitFileType = wrapper.application; includeInIndex = 0; path = "EgressView Agent.app"; sourceTree = BUILT_PRODUCTS_DIR; };
		20000000000000000000000A /* com.egressview.agent.filter.systemextension */ = {isa = PBXFileReference; explicitFileType = wrapper.system-extension; includeInIndex = 0; path = com.egressview.agent.filter.systemextension; sourceTree = BUILT_PRODUCTS_DIR; };
		20000000000000000000000B /* Extension main.swift */ = {isa = PBXFileReference; lastKnownFileType = sourcecode.swift; name = main.swift; path = main.swift; sourceTree = "<group>"; };
		20000000000000000000000C /* ObservationWindowController.swift */ = {isa = PBXFileReference; lastKnownFileType = sourcecode.swift; path = ObservationWindowController.swift; sourceTree = "<group>"; };
		20000000000000000000000D /* FullMonitoringCollector.swift */ = {isa = PBXFileReference; lastKnownFileType = sourcecode.swift; path = FullMonitoringCollector.swift; sourceTree = "<group>"; };
		20000000000000000000000E /* FullMonitoringXPCServer.swift */ = {isa = PBXFileReference; lastKnownFileType = sourcecode.swift; path = FullMonitoringXPCServer.swift; sourceTree = "<group>"; };
		20000000000000000000000F /* HubDeliveryController.swift */ = {isa = PBXFileReference; lastKnownFileType = sourcecode.swift; path = HubDeliveryController.swift; sourceTree = "<group>"; };
		200000000000000000000010 /* LaunchAtLoginController.swift */ = {isa = PBXFileReference; lastKnownFileType = sourcecode.swift; path = LaunchAtLoginController.swift; sourceTree = "<group>"; };
		200000000000000000000011 /* Assets.xcassets */ = {isa = PBXFileReference; lastKnownFileType = folder.assetcatalog; path = Assets.xcassets; sourceTree = "<group>"; };
		200000000000000000000012 /* AgentLocalization.swift */ = {isa = PBXFileReference; lastKnownFileType = sourcecode.swift; path = AgentLocalization.swift; sourceTree = "<group>"; };
		200000000000000000000013 /* en */ = {isa = PBXFileReference; lastKnownFileType = text.plist.strings; name = en; path = en.lproj/Localizable.strings; sourceTree = "<group>"; };
		200000000000000000000014 /* ja */ = {isa = PBXFileReference; lastKnownFileType = text.plist.strings; name = ja; path = ja.lproj/Localizable.strings; sourceTree = "<group>"; };
		200000000000000000000015 /* AgentUpdateController.swift */ = {isa = PBXFileReference; lastKnownFileType = sourcecode.swift; path = AgentUpdateController.swift; sourceTree = "<group>"; };
		200000000000000000000016 /* AgentUninstallController.swift */ = {isa = PBXFileReference; lastKnownFileType = sourcecode.swift; path = AgentUninstallController.swift; sourceTree = "<group>"; };
/* End PBXFileReference section */

/* Begin PBXFrameworksBuildPhase section */
		600000000000000000000002 /* Host Frameworks */ = {isa = PBXFrameworksBuildPhase; buildActionMask = 2147483647; files = (100000000000000000000005 /* EgressViewAgentCore in Frameworks */, ); runOnlyForDeploymentPostprocessing = 0; };
		600000000000000000000005 /* Extension Frameworks */ = {isa = PBXFrameworksBuildPhase; buildActionMask = 2147483647; files = (100000000000000000000006 /* EgressViewNetworkExtension in Frameworks */, ); runOnlyForDeploymentPostprocessing = 0; };
/* End PBXFrameworksBuildPhase section */

/* Begin PBXGroup section */
		700000000000000000000001 = {
			isa = PBXGroup;
			children = (700000000000000000000002 /* Host */, 700000000000000000000003 /* SystemExtension */, 700000000000000000000004 /* Products */, );
			sourceTree = "<group>";
		};
		700000000000000000000002 /* Host */ = {
			isa = PBXGroup;
			children = (200000000000000000000001 /* main.swift */, 200000000000000000000002 /* AgentAppDelegate.swift */, 200000000000000000000012 /* AgentLocalization.swift */, 200000000000000000000015 /* AgentUpdateController.swift */, 200000000000000000000016 /* AgentUninstallController.swift */, 200000000000000000000003 /* AgentMonitoringController.swift */, 200000000000000000000010 /* LaunchAtLoginController.swift */, 20000000000000000000000D /* FullMonitoringCollector.swift */, 20000000000000000000000C /* ObservationWindowController.swift */, 20000000000000000000000F /* HubDeliveryController.swift */, 210000000000000000000001 /* Localizable.strings */, 200000000000000000000005 /* Host Info.plist */, 200000000000000000000006 /* EgressViewAgent.entitlements */,  200000000000000000000011 /* Assets.xcassets */,);
			path = Xcode/Host;
			sourceTree = "<group>";
		};
		700000000000000000000003 /* SystemExtension */ = {
			isa = PBXGroup;
			children = (20000000000000000000000B /* Extension main.swift */, 200000000000000000000004 /* EgressViewFilterDataProvider.swift */, 20000000000000000000000E /* FullMonitoringXPCServer.swift */, 200000000000000000000007 /* Extension Info.plist */, 200000000000000000000008 /* EgressViewFilter.entitlements */, );
			path = Xcode/SystemExtension;
			sourceTree = "<group>";
		};
		700000000000000000000004 /* Products */ = {
			isa = PBXGroup;
			children = (200000000000000000000009 /* EgressView Agent.app */, 20000000000000000000000A /* com.egressview.agent.filter.systemextension */, );
			name = Products;
			sourceTree = "<group>";
		};
/* End PBXGroup section */

/* Begin PBXVariantGroup section */
		210000000000000000000001 /* Localizable.strings */ = {
			isa = PBXVariantGroup;
			children = (200000000000000000000013 /* en */, 200000000000000000000014 /* ja */, );
			name = Localizable.strings;
			sourceTree = "<group>";
		};
/* End PBXVariantGroup section */

/* Begin PBXNativeTarget section */
		500000000000000000000001 /* EgressView Agent */ = {
			isa = PBXNativeTarget;
			buildConfigurationList = 800000000000000000000002 /* Build configuration list for PBXNativeTarget "EgressView Agent" */;
			buildPhases = (600000000000000000000007 /* Generate icon assets */, 600000000000000000000001 /* Host Sources */, 600000000000000000000002 /* Host Frameworks */, 600000000000000000000006 /* Host Resources */, 600000000000000000000003 /* Embed System Extensions */, );
			buildRules = ();
			dependencies = (900000000000000000000001 /* PBXTargetDependency */, );
			name = "EgressView Agent";
			packageProductDependencies = (A00000000000000000000001 /* EgressViewAgentCore */, );
			productName = EgressViewAgent;
			productReference = 200000000000000000000009 /* EgressView Agent.app */;
			productType = "com.apple.product-type.application";
		};
		500000000000000000000002 /* EgressViewFilter */ = {
			isa = PBXNativeTarget;
			buildConfigurationList = 800000000000000000000003 /* Build configuration list for PBXNativeTarget "EgressViewFilter" */;
			buildPhases = (600000000000000000000004 /* Extension Sources */, 600000000000000000000005 /* Extension Frameworks */, );
			buildRules = ();
			dependencies = ();
			name = EgressViewFilter;
			packageProductDependencies = (A00000000000000000000002 /* EgressViewNetworkExtension */, );
			productName = EgressViewFilter;
			productReference = 20000000000000000000000A /* com.egressview.agent.filter.systemextension */;
			productType = "com.apple.product-type.system-extension";
		};
/* End PBXNativeTarget section */

/* Begin PBXProject section */
		400000000000000000000001 /* Project object */ = {
			isa = PBXProject;
			attributes = {
				BuildIndependentTargetsInParallel = 1;
				LastSwiftUpdateCheck = 2660;
				LastUpgradeCheck = 2660;
				TargetAttributes = {
					500000000000000000000001 = {CreatedOnToolsVersion = 26.6; SystemCapabilities = {com.apple.ApplicationGroups = {enabled = 1; }; com.apple.SystemExtension = {enabled = 1; }; }; };
					500000000000000000000002 = {CreatedOnToolsVersion = 26.6; SystemCapabilities = {com.apple.ApplicationGroups = {enabled = 1; }; com.apple.NetworkExtensions = {enabled = 1; }; }; };
				};
			};
			buildConfigurationList = 800000000000000000000001 /* Build configuration list for PBXProject "EgressViewAgent" */;
			compatibilityVersion = "Xcode 16.0";
			developmentRegion = en;
			hasScannedForEncodings = 0;
			knownRegions = (en, ja, Base, );
			mainGroup = 700000000000000000000001;
			minimizedProjectReferenceProxies = 1;
			packageReferences = (B00000000000000000000001 /* XCLocalSwiftPackageReference "." */, );
			preferredProjectObjectVersion = 77;
			productRefGroup = 700000000000000000000004 /* Products */;
			projectDirPath = "";
			projectRoot = "";
			targets = (500000000000000000000001 /* EgressView Agent */, 500000000000000000000002 /* EgressViewFilter */, );
		};
/* End PBXProject section */

/* Begin PBXResourcesBuildPhase section */
		600000000000000000000006 /* Host Resources */ = {isa = PBXResourcesBuildPhase; buildActionMask = 2147483647; files = (10000000000000000000000E /* Assets.xcassets in Resources */, 100000000000000000000010 /* Localizable.strings in Resources */, ); runOnlyForDeploymentPostprocessing = 0; };
/* End PBXResourcesBuildPhase section */

/* Begin PBXShellScriptBuildPhase section */
		600000000000000000000007 /* Generate icon assets */ = {
			isa = PBXShellScriptBuildPhase;
			buildActionMask = 2147483647;
			files = ();
			inputPaths = ("$(SRCROOT)/../../design/icons/egressview-mark.svg", "$(SRCROOT)/../../design/icons/egressview-mark-small.svg", "$(SRCROOT)/../../design/icons/egressview-menubar-template.svg", "$(SRCROOT)/../../design/icons/egressview-menubar-template-paused.svg", "$(SRCROOT)/../../design/icons/egressview-menubar-template-attention.svg", "$(SRCROOT)/../../scripts/build-agent-icons.sh", );
			name = "Generate icon assets";
			outputPaths = ("$(SRCROOT)/Xcode/Host/Assets.xcassets/AppIcon.appiconset/Contents.json", "$(SRCROOT)/Xcode/Host/Assets.xcassets/MenuBar.imageset/Contents.json", );
			runOnlyForDeploymentPostprocessing = 0;
			shellPath = /bin/bash;
			shellScript = "# Assets.xcassets is generated from design/icons/*.svg and is gitignored,\n# so a clean clone has no catalog until this runs. Must stay ahead of the\n# resources phase. Inputs and outputs are declared so Xcode can skip it when\n# the artwork has not changed.\nset -euo pipefail\ncd \"$SRCROOT/../..\"\nexec scripts/build-agent-icons.sh\n";
		};
/* End PBXShellScriptBuildPhase section */

/* Begin PBXSourcesBuildPhase section */
		600000000000000000000001 /* Host Sources */ = {isa = PBXSourcesBuildPhase; buildActionMask = 2147483647; files = (100000000000000000000001 /* main.swift in Sources */, 100000000000000000000002 /* AgentAppDelegate.swift in Sources */, 10000000000000000000000F /* AgentLocalization.swift in Sources */, 100000000000000000000011 /* AgentUpdateController.swift in Sources */, 100000000000000000000012 /* AgentUninstallController.swift in Sources */, 100000000000000000000003 /* AgentMonitoringController.swift in Sources */, 10000000000000000000000D /* LaunchAtLoginController.swift in Sources */, 10000000000000000000000A /* FullMonitoringCollector.swift in Sources */, 100000000000000000000009 /* ObservationWindowController.swift in Sources */, 10000000000000000000000C /* HubDeliveryController.swift in Sources */, ); runOnlyForDeploymentPostprocessing = 0; };
		600000000000000000000004 /* Extension Sources */ = {isa = PBXSourcesBuildPhase; buildActionMask = 2147483647; files = (100000000000000000000008 /* main.swift in Extension Sources */, 100000000000000000000004 /* EgressViewFilterDataProvider.swift in Sources */, 10000000000000000000000B /* FullMonitoringXPCServer.swift in Sources */, ); runOnlyForDeploymentPostprocessing = 0; };
/* End PBXSourcesBuildPhase section */

/* Begin PBXTargetDependency section */
		900000000000000000000001 /* PBXTargetDependency */ = {isa = PBXTargetDependency; target = 500000000000000000000002 /* EgressViewFilter */; targetProxy = 300000000000000000000001 /* PBXContainerItemProxy */; };
/* End PBXTargetDependency section */

/* Begin XCBuildConfiguration section */
		C00000000000000000000001 /* Debug project */ = {isa = XCBuildConfiguration; buildSettings = {CLANG_ENABLE_MODULES = YES; MACOSX_DEPLOYMENT_TARGET = 13.0; SDKROOT = macosx; SWIFT_VERSION = 5.0; }; name = Debug; };
		C00000000000000000000002 /* Release project */ = {isa = XCBuildConfiguration; buildSettings = {CLANG_ENABLE_MODULES = YES; MACOSX_DEPLOYMENT_TARGET = 13.0; SDKROOT = macosx; SWIFT_COMPILATION_MODE = wholemodule; SWIFT_OPTIMIZATION_LEVEL = "-O"; SWIFT_VERSION = 5.0; }; name = Release; };
		C00000000000000000000003 /* Debug host */ = {isa = XCBuildConfiguration; buildSettings = {CODE_SIGN_ENTITLEMENTS = Xcode/Host/EgressViewAgent.entitlements; CODE_SIGN_STYLE = Automatic; ENABLE_APP_SANDBOX = YES; ASSETCATALOG_COMPILER_APPICON_NAME = AppIcon; COMBINE_HIDPI_IMAGES = YES; GENERATE_INFOPLIST_FILE = NO; INFOPLIST_FILE = Xcode/Host/Info.plist; LD_RUNPATH_SEARCH_PATHS = ("$(inherited)", "@executable_path/../Frameworks", ); PRODUCT_BUNDLE_IDENTIFIER = com.egressview.agent.macos; PRODUCT_NAME = "EgressView Agent"; SWIFT_ACTIVE_COMPILATION_CONDITIONS = "DEBUG EGRESSVIEW_APP_SANDBOXED"; }; name = Debug; };
		C00000000000000000000004 /* Release host */ = {isa = XCBuildConfiguration; buildSettings = {CODE_SIGN_ENTITLEMENTS = Xcode/Host/EgressViewAgent.DeveloperID.entitlements; CODE_SIGN_IDENTITY = "$(EGRESSVIEW_SIGN_IDENTITY)"; CODE_SIGN_STYLE = Manual; ENABLE_APP_SANDBOX = YES; ASSETCATALOG_COMPILER_APPICON_NAME = AppIcon; COMBINE_HIDPI_IMAGES = YES; DEVELOPMENT_TEAM = "$(EGRESSVIEW_DEVELOPMENT_TEAM)"; ENABLE_HARDENED_RUNTIME = YES; GENERATE_INFOPLIST_FILE = NO; INFOPLIST_FILE = Xcode/Host/Info.plist; LD_RUNPATH_SEARCH_PATHS = ("$(inherited)", "@executable_path/../Frameworks", ); PRODUCT_BUNDLE_IDENTIFIER = com.egressview.agent.macos; PRODUCT_NAME = "EgressView Agent"; PROVISIONING_PROFILE_SPECIFIER = "$(EGRESSVIEW_HOST_PROFILE)"; SWIFT_ACTIVE_COMPILATION_CONDITIONS = EGRESSVIEW_APP_SANDBOXED; }; name = Release; };
		C00000000000000000000005 /* Debug extension */ = {isa = XCBuildConfiguration; buildSettings = {APPLICATION_EXTENSION_API_ONLY = YES; CODE_SIGN_ENTITLEMENTS = Xcode/SystemExtension/EgressViewFilter.entitlements; CODE_SIGN_STYLE = Automatic; ENABLE_APP_SANDBOX = YES; EXECUTABLE_NAME = EgressViewFilter; GENERATE_INFOPLIST_FILE = NO; INFOPLIST_FILE = Xcode/SystemExtension/Info.plist; LD_RUNPATH_SEARCH_PATHS = ("$(inherited)", "@executable_path/../Frameworks", "@executable_path/../../../../Frameworks", ); PRODUCT_BUNDLE_IDENTIFIER = com.egressview.agent.filter; PRODUCT_MODULE_NAME = EgressViewFilter; PRODUCT_NAME = com.egressview.agent.filter; SKIP_INSTALL = YES; SWIFT_ACTIVE_COMPILATION_CONDITIONS = DEBUG; }; name = Debug; };
		C00000000000000000000006 /* Release extension */ = {isa = XCBuildConfiguration; buildSettings = {APPLICATION_EXTENSION_API_ONLY = YES; CODE_SIGN_ENTITLEMENTS = Xcode/SystemExtension/EgressViewFilter.DeveloperID.entitlements; CODE_SIGN_IDENTITY = "$(EGRESSVIEW_SIGN_IDENTITY)"; CODE_SIGN_STYLE = Manual; ENABLE_APP_SANDBOX = YES; DEVELOPMENT_TEAM = "$(EGRESSVIEW_DEVELOPMENT_TEAM)"; ENABLE_HARDENED_RUNTIME = YES; EXECUTABLE_NAME = EgressViewFilter; GENERATE_INFOPLIST_FILE = NO; INFOPLIST_FILE = Xcode/SystemExtension/Info.plist; LD_RUNPATH_SEARCH_PATHS = ("$(inherited)", "@executable_path/../Frameworks", "@executable_path/../../../../Frameworks", ); PRODUCT_BUNDLE_IDENTIFIER = com.egressview.agent.filter; PRODUCT_MODULE_NAME = EgressViewFilter; PRODUCT_NAME = com.egressview.agent.filter; PROVISIONING_PROFILE_SPECIFIER = "$(EGRESSVIEW_FILTER_PROFILE)"; SKIP_INSTALL = YES; }; name = Release; };
/* End XCBuildConfiguration section */

/* Begin XCConfigurationList section */
		800000000000000000000001 /* Build configuration list for PBXProject "EgressViewAgent" */ = {isa = XCConfigurationList; buildConfigurations = (C00000000000000000000001 /* Debug project */, C00000000000000000000002 /* Release project */, ); defaultConfigurationIsVisible = 0; defaultConfigurationName = Release; };
		800000000000000000000002 /* Build configuration list for PBXNativeTarget "EgressView Agent" */ = {isa = XCConfigurationList; buildConfigurations = (C00000000000000000000003 /* Debug host */, C00000000000000000000004 /* Release host */, ); defaultConfigurationIsVisible = 0; defaultConfigurationName = Release; };
		800000000000000000000003 /* Build configuration list for PBXNativeTarget "EgressViewFilter" */ = {isa = XCConfigurationList; buildConfigurations = (C00000000000000000000005 /* Debug extension */, C00000000000000000000006 /* Release extension */, ); defaultConfigurationIsVisible = 0; defaultConfigurationName = Release; };
/* End XCConfigurationList section */

/* Begin XCLocalSwiftPackageReference section */
		B00000000000000000000001 /* XCLocalSwiftPackageReference "." */ = {isa = XCLocalSwiftPackageReference; relativePath = .; };
/* End XCLocalSwiftPackageReference section */

/* Begin XCSwiftPackageProductDependency section */
		A00000000000000000000001 /* EgressViewAgentCore */ = {isa = XCSwiftPackageProductDependency; package = B00000000000000000000001 /* XCLocalSwiftPackageReference "." */; productName = EgressViewAgentCore; };
		A00000000000000000000002 /* EgressViewNetworkExtension */ = {isa = XCSwiftPackageProductDependency; package = B00000000000000000000001 /* XCLocalSwiftPackageReference "." */; productName = EgressViewNetworkExtension; };
/* End XCSwiftPackageProductDependency section */
	};
	rootObject = 400000000000000000000001 /* Project object */;
}
